
Microsoft Visual Studio Solution File, Format Version 12.00
# Visual Studio Version 17
VisualStudioVersion = 17.11.35303.130
MinimumVisualStudioVersion = 10.0.40219.1
Project("{9A19103F-16F7-4668-BE54-9A1E7A4F7556}") = "WindowsFormsEjercicios01", "WindowsFormsEjercicios01\WindowsFormsEjercicios01.csproj", "{80E228E1-46EC-4E99-BE78-B93447ED2CDC}"
EndProject
Project("{FAE04EC0-301F-11D3-BF4B-00C04F79EFBC}") = "Ejercicio02Real", "Ejercicio02Real\Ejercicio02Real.csproj", "{24F4172C-B44B-4A34-9171-64D60F836AE9}"
EndProject
Project("{FAE04EC0-301F-11D3-BF4B-00C04F79EFBC}") = "Ejercicio03", "Ejercicio03\Ejercicio03.csproj", "{B7CEE89E-EBFB-40DC-80A6-9D78B2031CF0}"
EndProject
Global
	GlobalSection(SolutionConfigurationPlatforms) = preSolution
		Debug|Any CPU = Debug|Any CPU
		Release|Any CPU = Release|Any CPU
	EndGlobalSection
	GlobalSection(ProjectConfigurationPlatforms) = postSolution
		{80E228E1-46EC-4E99-BE78-B93447ED2CDC}.Debug|Any CPU.ActiveCfg = Debug|Any CPU
		{80E228E1-46EC-4E99-BE78-B93447ED2CDC}.Debug|Any CPU.Build.0 = Debug|Any CPU
		{80E228E1-46EC-4E99-BE78-B93447ED2CDC}.Release|Any CPU.ActiveCfg = Release|Any CPU
		{80E228E1-46EC-4E99-BE78-B93447ED2CDC}.Release|Any CPU.Build.0 = Release|Any CPU
		{24F4172C-B44B-4A34-9171-64D60F836AE9}.Debug|Any CPU.ActiveCfg = Debug|Any CPU
		{24F4172C-B44B-4A34-9171-64D60F836AE9}.Debug|Any CPU.Build.0 = Debug|Any CPU
		{24F4172C-B44B-4A34-9171-64D60F836AE9}.Release|Any CPU.ActiveCfg = Release|Any CPU
		{24F4172C-B44B-4A34-9171-64D60F836AE9}.Release|Any CPU.Build.0 = Release|Any CPU
		{B7CEE89E-EBFB-40DC-80A6-9D78B2031CF0}.Debug|Any CPU.ActiveCfg = Debug|Any CPU
		{B7CEE89E-EBFB-40DC-80A6-9D78B2031CF0}.Debug|Any CPU.Build.0 = Debug|Any CPU
		{B7CEE89E-EBFB-40DC-80A6-9D78B2031CF0}.Release|Any CPU.ActiveCfg = Release|Any CPU
		{B7CEE89E-EBFB-40DC-80A6-9D78B2031CF0}.Release|Any CPU.Build.0 = Release|Any CPU
	EndGlobalSection
	GlobalSection(SolutionProperties) = preSolution
		HideSolutionNode = FALSE
	EndGlobalSection
	GlobalSection(ExtensibilityGlobals) = postSolution
		SolutionGuid = {30DDBBD8-F781-479A-8BBD-583AC539F46E}
	EndGlobalSection
EndGlobal
